
Microsoft Visual Studio Solution File, Format Version 12.00
# Visual Studio Version 17
VisualStudioVersion = 17.10.35004.147
MinimumVisualStudioVersion = 10.0.40219.1
Project("{FAE04EC0-301F-11D3-BF4B-00C04F79EFBC}") = "HTTP_and_HTTPS", "HTTP_and_HTTPS\HTTP_and_HTTPS.csproj", "{F16FC3FD-A8F9-4805-9357-A9A7C88FAF91}"
EndProject
Global
	GlobalSection(SolutionConfigurationPlatforms) = preSolution
		Debug|Any CPU = Debug|Any CPU
		Release|Any CPU = Release|Any CPU
	EndGlobalSection
	GlobalSection(ProjectConfigurationPlatforms) = postSolution
		{F16FC3FD-A8F9-4805-9357-A9A7C88FAF91}.Debug|Any CPU.ActiveCfg = Debug|Any CPU
		{F16FC3FD-A8F9-4805-9357-A9A7C88FAF91}.Debug|Any CPU.Build.0 = Debug|Any CPU
		{F16FC3FD-A8F9-4805-9357-A9A7C88FAF91}.Release|Any CPU.ActiveCfg = Release|Any CPU
		{F16FC3FD-A8F9-4805-9357-A9A7C88FAF91}.Release|Any CPU.Build.0 = Release|Any CPU
	EndGlobalSection
	GlobalSection(SolutionProperties) = preSolution
		HideSolutionNode = FALSE
	EndGlobalSection
	GlobalSection(ExtensibilityGlobals) = postSolution
		SolutionGuid = {CE4B6C8C-2C2C-4C35-8948-2BDAF1DE5A7E}
	EndGlobalSection
EndGlobal
